
Microsoft Visual Studio Solution File, Format Version 12.00
# Visual Studio Version 16
VisualStudioVersion = 25.0.1700.4
MinimumVisualStudioVersion = 10.0.40219.1
Project("{FAE04EC0-301F-11D3-BF4B-00C04F79EFBC}") = "blazinMPD", "blazinMPD\blazinMPD.csproj", "{F25242B8-6E79-4449-B03D-B32CD54F811E}"
EndProject
Global
	GlobalSection(SolutionConfigurationPlatforms) = preSolution
		Debug|Any CPU = Debug|Any CPU
		Release|Any CPU = Release|Any CPU
	EndGlobalSection
	GlobalSection(ProjectConfigurationPlatforms) = postSolution
		{F25242B8-6E79-4449-B03D-B32CD54F811E}.Debug|Any CPU.ActiveCfg = Debug|Any CPU
		{F25242B8-6E79-4449-B03D-B32CD54F811E}.Debug|Any CPU.Build.0 = Debug|Any CPU
		{F25242B8-6E79-4449-B03D-B32CD54F811E}.Release|Any CPU.ActiveCfg = Release|Any CPU
		{F25242B8-6E79-4449-B03D-B32CD54F811E}.Release|Any CPU.Build.0 = Release|Any CPU
	EndGlobalSection
	GlobalSection(SolutionProperties) = preSolution
		HideSolutionNode = FALSE
	EndGlobalSection
	GlobalSection(ExtensibilityGlobals) = postSolution
		SolutionGuid = {1EC9C7A8-6E2B-40AC-9897-5D15CD0A5F73}
	EndGlobalSection
EndGlobal
